
Microsoft Visual Studio Solution File, Format Version 12.00
# Visual Studio Version 17
VisualStudioVersion = 17.10.34928.147
MinimumVisualStudioVersion = 10.0.40219.1
Project("{FAE04EC0-301F-11D3-BF4B-00C04F79EFBC}") = "ExEnumComp", "ExEnumComp\ExEnumComp.csproj", "{A09DA0E1-4081-4CC6-A6EF-E81B6B8647D0}"
EndProject
Global
	GlobalSection(SolutionConfigurationPlatforms) = preSolution
		Debug|Any CPU = Debug|Any CPU
		Release|Any CPU = Release|Any CPU
	EndGlobalSection
	GlobalSection(ProjectConfigurationPlatforms) = postSolution
		{A09DA0E1-4081-4CC6-A6EF-E81B6B8647D0}.Debug|Any CPU.ActiveCfg = Debug|Any CPU
		{A09DA0E1-4081-4CC6-A6EF-E81B6B8647D0}.Debug|Any CPU.Build.0 = Debug|Any CPU
		{A09DA0E1-4081-4CC6-A6EF-E81B6B8647D0}.Release|Any CPU.ActiveCfg = Release|Any CPU
		{A09DA0E1-4081-4CC6-A6EF-E81B6B8647D0}.Release|Any CPU.Build.0 = Release|Any CPU
	EndGlobalSection
	GlobalSection(SolutionProperties) = preSolution
		HideSolutionNode = FALSE
	EndGlobalSection
	GlobalSection(ExtensibilityGlobals) = postSolution
		SolutionGuid = {E4D2581D-1B30-4F58-8041-8CD77BB5E01B}
	EndGlobalSection
EndGlobal
