
Microsoft Visual Studio Solution File, Format Version 12.00
# Visual Studio Version 17
VisualStudioVersion = 17.10.34928.147
MinimumVisualStudioVersion = 10.0.40219.1
Project("{FAE04EC0-301F-11D3-BF4B-00C04F79EFBC}") = "exercicios1-estrutura-sequencial", "exercicios1-estrutura-sequencial\exercicios1-estrutura-sequencial.csproj", "{37803014-FB84-44CD-B0B5-72F630157006}"
EndProject
Global
	GlobalSection(SolutionConfigurationPlatforms) = preSolution
		Debug|Any CPU = Debug|Any CPU
		Release|Any CPU = Release|Any CPU
	EndGlobalSection
	GlobalSection(ProjectConfigurationPlatforms) = postSolution
		{37803014-FB84-44CD-B0B5-72F630157006}.Debug|Any CPU.ActiveCfg = Debug|Any CPU
		{37803014-FB84-44CD-B0B5-72F630157006}.Debug|Any CPU.Build.0 = Debug|Any CPU
		{37803014-FB84-44CD-B0B5-72F630157006}.Release|Any CPU.ActiveCfg = Release|Any CPU
		{37803014-FB84-44CD-B0B5-72F630157006}.Release|Any CPU.Build.0 = Release|Any CPU
	EndGlobalSection
	GlobalSection(SolutionProperties) = preSolution
		HideSolutionNode = FALSE
	EndGlobalSection
	GlobalSection(ExtensibilityGlobals) = postSolution
		SolutionGuid = {3F554225-23E7-4A4C-8B98-3F551B1AD331}
	EndGlobalSection
EndGlobal
