
Microsoft Visual Studio Solution File, Format Version 12.00
# Visual Studio Version 17
VisualStudioVersion = 17.10.34928.147
MinimumVisualStudioVersion = 10.0.40219.1
Project("{FAE04EC0-301F-11D3-BF4B-00C04F79EFBC}") = "ExSet", "ExSet\ExSet.csproj", "{0C27C817-00A5-4FB9-B280-E5D330ACFAA7}"
EndProject
Global
	GlobalSection(SolutionConfigurationPlatforms) = preSolution
		Debug|Any CPU = Debug|Any CPU
		Release|Any CPU = Release|Any CPU
	EndGlobalSection
	GlobalSection(ProjectConfigurationPlatforms) = postSolution
		{0C27C817-00A5-4FB9-B280-E5D330ACFAA7}.Debug|Any CPU.ActiveCfg = Debug|Any CPU
		{0C27C817-00A5-4FB9-B280-E5D330ACFAA7}.Debug|Any CPU.Build.0 = Debug|Any CPU
		{0C27C817-00A5-4FB9-B280-E5D330ACFAA7}.Release|Any CPU.ActiveCfg = Release|Any CPU
		{0C27C817-00A5-4FB9-B280-E5D330ACFAA7}.Release|Any CPU.Build.0 = Release|Any CPU
	EndGlobalSection
	GlobalSection(SolutionProperties) = preSolution
		HideSolutionNode = FALSE
	EndGlobalSection
	GlobalSection(ExtensibilityGlobals) = postSolution
		SolutionGuid = {F14BB12E-50D0-4AAA-9FEA-7087CA117408}
	EndGlobalSection
EndGlobal
