
Microsoft Visual Studio Solution File, Format Version 12.00
# Visual Studio Version 17
VisualStudioVersion = 17.10.34928.147
MinimumVisualStudioVersion = 10.0.40219.1
Project("{FAE04EC0-301F-11D3-BF4B-00C04F79EFBC}") = "ExInterface", "ExInterface\ExInterface.csproj", "{0D0B5140-00FD-4829-A81E-812BB86CE35E}"
EndProject
Global
	GlobalSection(SolutionConfigurationPlatforms) = preSolution
		Debug|Any CPU = Debug|Any CPU
		Release|Any CPU = Release|Any CPU
	EndGlobalSection
	GlobalSection(ProjectConfigurationPlatforms) = postSolution
		{0D0B5140-00FD-4829-A81E-812BB86CE35E}.Debug|Any CPU.ActiveCfg = Debug|Any CPU
		{0D0B5140-00FD-4829-A81E-812BB86CE35E}.Debug|Any CPU.Build.0 = Debug|Any CPU
		{0D0B5140-00FD-4829-A81E-812BB86CE35E}.Release|Any CPU.ActiveCfg = Release|Any CPU
		{0D0B5140-00FD-4829-A81E-812BB86CE35E}.Release|Any CPU.Build.0 = Release|Any CPU
	EndGlobalSection
	GlobalSection(SolutionProperties) = preSolution
		HideSolutionNode = FALSE
	EndGlobalSection
	GlobalSection(ExtensibilityGlobals) = postSolution
		SolutionGuid = {24BE8DBC-C007-4796-9053-B69BE4A5873A}
	EndGlobalSection
EndGlobal
