
Microsoft Visual Studio Solution File, Format Version 12.00
# Visual Studio Version 17
VisualStudioVersion = 17.10.34928.147
MinimumVisualStudioVersion = 10.0.40219.1
Project("{FAE04EC0-301F-11D3-BF4B-00C04F79EFBC}") = "ExArquivos", "ExArquivos\ExArquivos.csproj", "{5313D233-2F34-4641-AC0D-6DB101425FE5}"
EndProject
Global
	GlobalSection(SolutionConfigurationPlatforms) = preSolution
		Debug|Any CPU = Debug|Any CPU
		Release|Any CPU = Release|Any CPU
	EndGlobalSection
	GlobalSection(ProjectConfigurationPlatforms) = postSolution
		{5313D233-2F34-4641-AC0D-6DB101425FE5}.Debug|Any CPU.ActiveCfg = Debug|Any CPU
		{5313D233-2F34-4641-AC0D-6DB101425FE5}.Debug|Any CPU.Build.0 = Debug|Any CPU
		{5313D233-2F34-4641-AC0D-6DB101425FE5}.Release|Any CPU.ActiveCfg = Release|Any CPU
		{5313D233-2F34-4641-AC0D-6DB101425FE5}.Release|Any CPU.Build.0 = Release|Any CPU
	EndGlobalSection
	GlobalSection(SolutionProperties) = preSolution
		HideSolutionNode = FALSE
	EndGlobalSection
	GlobalSection(ExtensibilityGlobals) = postSolution
		SolutionGuid = {DB2F75F0-E54C-47EE-BD2B-0FC7885E876C}
	EndGlobalSection
EndGlobal
