
Microsoft Visual Studio Solution File, Format Version 12.00
# Visual Studio Version 17
VisualStudioVersion = 17.10.34928.147
MinimumVisualStudioVersion = 10.0.40219.1
Project("{FAE04EC0-301F-11D3-BF4B-00C04F79EFBC}") = "EncapsulamentoEx", "EncapsulamentoEx\EncapsulamentoEx.csproj", "{DADAE0D6-71FB-4BC4-8649-35ACD7AF07B1}"
EndProject
Global
	GlobalSection(SolutionConfigurationPlatforms) = preSolution
		Debug|Any CPU = Debug|Any CPU
		Release|Any CPU = Release|Any CPU
	EndGlobalSection
	GlobalSection(ProjectConfigurationPlatforms) = postSolution
		{DADAE0D6-71FB-4BC4-8649-35ACD7AF07B1}.Debug|Any CPU.ActiveCfg = Debug|Any CPU
		{DADAE0D6-71FB-4BC4-8649-35ACD7AF07B1}.Debug|Any CPU.Build.0 = Debug|Any CPU
		{DADAE0D6-71FB-4BC4-8649-35ACD7AF07B1}.Release|Any CPU.ActiveCfg = Release|Any CPU
		{DADAE0D6-71FB-4BC4-8649-35ACD7AF07B1}.Release|Any CPU.Build.0 = Release|Any CPU
	EndGlobalSection
	GlobalSection(SolutionProperties) = preSolution
		HideSolutionNode = FALSE
	EndGlobalSection
	GlobalSection(ExtensibilityGlobals) = postSolution
		SolutionGuid = {2D602C9E-3357-4C17-AF6D-E8481DB7602A}
	EndGlobalSection
EndGlobal
